
Microsoft Visual Studio Solution File, Format Version 12.00
# Visual Studio 15
Project("{FAE04EC0-301F-11D3-BF4B-00C04F79EFBC}") = "Assembly-CSharp", "Assembly-CSharp.csproj", "{CBF17148-D021-7E26-E610-5F1B332B7D4B}"
EndProject
Project("{FAE04EC0-301F-11D3-BF4B-00C04F79EFBC}") = "Assembly-CSharp-firstpass", "Assembly-CSharp-firstpass.csproj", "{2617229C-D669-F0B3-7285-C4ACC4E617C9}"
EndProject
Global
	GlobalSection(SolutionConfigurationPlatforms) = preSolution
		Debug|Any CPU = Debug|Any CPU
		Release|Any CPU = Release|Any CPU
	EndGlobalSection
	GlobalSection(ProjectConfigurationPlatforms) = postSolution
		{CBF17148-D021-7E26-E610-5F1B332B7D4B}.Debug|Any CPU.ActiveCfg = Debug|Any CPU
		{CBF17148-D021-7E26-E610-5F1B332B7D4B}.Debug|Any CPU.Build.0 = Debug|Any CPU
		{CBF17148-D021-7E26-E610-5F1B332B7D4B}.Release|Any CPU.ActiveCfg = Release|Any CPU
		{CBF17148-D021-7E26-E610-5F1B332B7D4B}.Release|Any CPU.Build.0 = Release|Any CPU
		{2617229C-D669-F0B3-7285-C4ACC4E617C9}.Debug|Any CPU.ActiveCfg = Debug|Any CPU
		{2617229C-D669-F0B3-7285-C4ACC4E617C9}.Debug|Any CPU.Build.0 = Debug|Any CPU
		{2617229C-D669-F0B3-7285-C4ACC4E617C9}.Release|Any CPU.ActiveCfg = Release|Any CPU
		{2617229C-D669-F0B3-7285-C4ACC4E617C9}.Release|Any CPU.Build.0 = Release|Any CPU
	EndGlobalSection
	GlobalSection(SolutionProperties) = preSolution
		HideSolutionNode = FALSE
	EndGlobalSection
EndGlobal
