
Microsoft Visual Studio Solution File, Format Version 12.00
# Visual Studio 15
Project("{FAE04EC0-301F-11D3-BF4B-00C04F79EFBC}") = "Assembly-CSharp", "Assembly-CSharp.csproj", "{BF1C53A7-FF47-935C-990D-679102F12020}"
EndProject
Project("{FAE04EC0-301F-11D3-BF4B-00C04F79EFBC}") = "Assembly-CSharp-firstpass", "Assembly-CSharp-firstpass.csproj", "{9320EB1E-A172-D618-E0CB-69B99CCBD740}"
EndProject
Global
	GlobalSection(SolutionConfigurationPlatforms) = preSolution
		Debug|Any CPU = Debug|Any CPU
		Release|Any CPU = Release|Any CPU
	EndGlobalSection
	GlobalSection(ProjectConfigurationPlatforms) = postSolution
		{BF1C53A7-FF47-935C-990D-679102F12020}.Debug|Any CPU.ActiveCfg = Debug|Any CPU
		{BF1C53A7-FF47-935C-990D-679102F12020}.Debug|Any CPU.Build.0 = Debug|Any CPU
		{BF1C53A7-FF47-935C-990D-679102F12020}.Release|Any CPU.ActiveCfg = Release|Any CPU
		{BF1C53A7-FF47-935C-990D-679102F12020}.Release|Any CPU.Build.0 = Release|Any CPU
		{9320EB1E-A172-D618-E0CB-69B99CCBD740}.Debug|Any CPU.ActiveCfg = Debug|Any CPU
		{9320EB1E-A172-D618-E0CB-69B99CCBD740}.Debug|Any CPU.Build.0 = Debug|Any CPU
		{9320EB1E-A172-D618-E0CB-69B99CCBD740}.Release|Any CPU.ActiveCfg = Release|Any CPU
		{9320EB1E-A172-D618-E0CB-69B99CCBD740}.Release|Any CPU.Build.0 = Release|Any CPU
	EndGlobalSection
	GlobalSection(SolutionProperties) = preSolution
		HideSolutionNode = FALSE
	EndGlobalSection
EndGlobal
